{
  "name": "dragonz",
  "version": "0.1.0",
  "lockfileVersion": 3,
  "requires": true,
  "packages": {
    "": {
      "name": "dragonz",
      "version": "0.1.0",
      "license": "UNLICENSED",
      "dependencies": {
        "musicbox": "github:curzel-it/musicbox"
      }
    },
    "node_modules/musicbox": {
      "version": "0.21.0",
      "resolved": "git+ssh://git@github.com/curzel-it/musicbox.git#136a2d1307b89c77fcba2df9074153ac04355b4f",
      "license": "MIT"
    }
  }
}
